
Microsoft Visual Studio Solution File, Format Version 12.00
# Visual Studio Version 17
VisualStudioVersion = 17.10.35013.160
MinimumVisualStudioVersion = 10.0.40219.1
Project("{FAE04EC0-301F-11D3-BF4B-00C04F79EFBC}") = "FIT5032_MySecondDatepicker", "FIT5032_MySecondDatepicker\FIT5032_MySecondDatepicker.csproj", "{7CD58752-FD99-498F-998F-F985332639A7}"
EndProject
Global
	GlobalSection(SolutionConfigurationPlatforms) = preSolution
		Debug|Any CPU = Debug|Any CPU
		Release|Any CPU = Release|Any CPU
	EndGlobalSection
	GlobalSection(ProjectConfigurationPlatforms) = postSolution
		{7CD58752-FD99-498F-998F-F985332639A7}.Debug|Any CPU.ActiveCfg = Debug|Any CPU
		{7CD58752-FD99-498F-998F-F985332639A7}.Debug|Any CPU.Build.0 = Debug|Any CPU
		{7CD58752-FD99-498F-998F-F985332639A7}.Release|Any CPU.ActiveCfg = Release|Any CPU
		{7CD58752-FD99-498F-998F-F985332639A7}.Release|Any CPU.Build.0 = Release|Any CPU
	EndGlobalSection
	GlobalSection(SolutionProperties) = preSolution
		HideSolutionNode = FALSE
	EndGlobalSection
	GlobalSection(ExtensibilityGlobals) = postSolution
		SolutionGuid = {409375FC-6FB3-4030-B540-A79EB133EE89}
	EndGlobalSection
EndGlobal
